
Microsoft Visual Studio Solution File, Format Version 12.00
# Visual Studio Version 16
VisualStudioVersion = 16.0.30523.141
MinimumVisualStudioVersion = 10.0.40219.1
Project("{FAE04EC0-301F-11D3-BF4B-00C04F79EFBC}") = "Pool2-Prob2", "Pool2-Prob2.csproj", "{43E4C35A-589B-4523-8FF2-E771D2C5C510}"
EndProject
Global
	GlobalSection(SolutionConfigurationPlatforms) = preSolution
		Debug|Any CPU = Debug|Any CPU
		Release|Any CPU = Release|Any CPU
	EndGlobalSection
	GlobalSection(ProjectConfigurationPlatforms) = postSolution
		{43E4C35A-589B-4523-8FF2-E771D2C5C510}.Debug|Any CPU.ActiveCfg = Debug|Any CPU
		{43E4C35A-589B-4523-8FF2-E771D2C5C510}.Debug|Any CPU.Build.0 = Debug|Any CPU
		{43E4C35A-589B-4523-8FF2-E771D2C5C510}.Release|Any CPU.ActiveCfg = Release|Any CPU
		{43E4C35A-589B-4523-8FF2-E771D2C5C510}.Release|Any CPU.Build.0 = Release|Any CPU
	EndGlobalSection
	GlobalSection(SolutionProperties) = preSolution
		HideSolutionNode = FALSE
	EndGlobalSection
	GlobalSection(ExtensibilityGlobals) = postSolution
		SolutionGuid = {8E7EF963-0605-4A2F-BEAE-17DFC1CB388A}
	EndGlobalSection
EndGlobal
